
Microsoft Visual Studio Solution File, Format Version 12.00
# Visual Studio 15
VisualStudioVersion = 15.0.28307.572
MinimumVisualStudioVersion = 10.0.40219.1
Project("{FAE04EC0-301F-11D3-BF4B-00C04F79EFBC}") = "AppCenterDemo.Android", "AppCenterDemo\AppCenterDemo.Android\AppCenterDemo.Android.csproj", "{A359D1B2-DC4E-4B6E-856C-9D3564F690EA}"
EndProject
Project("{FAE04EC0-301F-11D3-BF4B-00C04F79EFBC}") = "AppCenterDemo.iOS", "AppCenterDemo\AppCenterDemo.iOS\AppCenterDemo.iOS.csproj", "{20C6A72F-EAD7-4225-851A-26A98AE1D6EF}"
EndProject
Project("{FAE04EC0-301F-11D3-BF4B-00C04F79EFBC}") = "AppCenterDemo.UWP", "AppCenterDemo\AppCenterDemo.UWP\AppCenterDemo.UWP.csproj", "{BDFD36E4-8548-4643-B134-BEDCCC84355E}"
EndProject
Project("{FAE04EC0-301F-11D3-BF4B-00C04F79EFBC}") = "AppCenterDemo", "AppCenterDemo\AppCenterDemo\AppCenterDemo.csproj", "{A8325A39-E23D-44A1-AD87-E9EBD2A2F4A2}"
EndProject
Global
	GlobalSection(SolutionConfigurationPlatforms) = preSolution
		Ad-Hoc|Any CPU = Ad-Hoc|Any CPU
		Ad-Hoc|ARM = Ad-Hoc|ARM
		Ad-Hoc|iPhone = Ad-Hoc|iPhone
		Ad-Hoc|iPhoneSimulator = Ad-Hoc|iPhoneSimulator
		Ad-Hoc|x64 = Ad-Hoc|x64
		Ad-Hoc|x86 = Ad-Hoc|x86
		AppStore|Any CPU = AppStore|Any CPU
		AppStore|ARM = AppStore|ARM
		AppStore|iPhone = AppStore|iPhone
		AppStore|iPhoneSimulator = AppStore|iPhoneSimulator
		AppStore|x64 = AppStore|x64
		AppStore|x86 = AppStore|x86
		Debug|Any CPU = Debug|Any CPU
		Debug|ARM = Debug|ARM
		Debug|iPhone = Debug|iPhone
		Debug|iPhoneSimulator = Debug|iPhoneSimulator
		Debug|x64 = Debug|x64
		Debug|x86 = Debug|x86
		Release|Any CPU = Release|Any CPU
		Release|ARM = Release|ARM
		Release|iPhone = Release|iPhone
		Release|iPhoneSimulator = Release|iPhoneSimulator
		Release|x64 = Release|x64
		Release|x86 = Release|x86
	EndGlobalSection
	GlobalSection(ProjectConfigurationPlatforms) = postSolution
		{A359D1B2-DC4E-4B6E-856C-9D3564F690EA}.Ad-Hoc|Any CPU.ActiveCfg = Release|Any CPU
		{A359D1B2-DC4E-4B6E-856C-9D3564F690EA}.Ad-Hoc|Any CPU.Build.0 = Release|Any CPU
		{A359D1B2-DC4E-4B6E-856C-9D3564F690EA}.Ad-Hoc|Any CPU.Deploy.0 = Release|Any CPU
		{A359D1B2-DC4E-4B6E-856C-9D3564F690EA}.Ad-Hoc|ARM.ActiveCfg = Release|Any CPU
		{A359D1B2-DC4E-4B6E-856C-9D3564F690EA}.Ad-Hoc|ARM.Build.0 = Release|Any CPU
		{A359D1B2-DC4E-4B6E-856C-9D3564F690EA}.Ad-Hoc|ARM.Deploy.0 = Release|Any CPU
		{A359D1B2-DC4E-4B6E-856C-9D3564F690EA}.Ad-Hoc|iPhone.ActiveCfg = Release|Any CPU
		{A359D1B2-DC4E-4B6E-856C-9D3564F690EA}.Ad-Hoc|iPhone.Build.0 = Release|Any CPU
		{A359D1B2-DC4E-4B6E-856C-9D3564F690EA}.Ad-Hoc|iPhone.Deploy.0 = Release|Any CPU
		{A359D1B2-DC4E-4B6E-856C-9D3564F690EA}.Ad-Hoc|iPhoneSimulator.ActiveCfg = Release|Any CPU
		{A359D1B2-DC4E-4B6E-856C-9D3564F690EA}.Ad-Hoc|iPhoneSimulator.Build.0 = Release|Any CPU
		{A359D1B2-DC4E-4B6E-856C-9D3564F690EA}.Ad-Hoc|iPhoneSimulator.Deploy.0 = Release|Any CPU
		{A359D1B2-DC4E-4B6E-856C-9D3564F690EA}.Ad-Hoc|x64.ActiveCfg = Release|Any CPU
		{A359D1B2-DC4E-4B6E-856C-9D3564F690EA}.Ad-Hoc|x64.Build.0 = Release|Any CPU
		{A359D1B2-DC4E-4B6E-856C-9D3564F690EA}.Ad-Hoc|x64.Deploy.0 = Release|Any CPU
		{A359D1B2-DC4E-4B6E-856C-9D3564F690EA}.Ad-Hoc|x86.ActiveCfg = Release|Any CPU
		{A359D1B2-DC4E-4B6E-856C-9D3564F690EA}.Ad-Hoc|x86.Build.0 = Release|Any CPU
		{A359D1B2-DC4E-4B6E-856C-9D3564F690EA}.Ad-Hoc|x86.Deploy.0 = Release|Any CPU
		{A359D1B2-DC4E-4B6E-856C-9D3564F690EA}.AppStore|Any CPU.ActiveCfg = Release|Any CPU
		{A359D1B2-DC4E-4B6E-856C-9D3564F690EA}.AppStore|Any CPU.Build.0 = Release|Any CPU
		{A359D1B2-DC4E-4B6E-856C-9D3564F690EA}.AppStore|Any CPU.Deploy.0 = Release|Any CPU
		{A359D1B2-DC4E-4B6E-856C-9D3564F690EA}.AppStore|ARM.ActiveCfg = Release|Any CPU
		{A359D1B2-DC4E-4B6E-856C-9D3564F690EA}.AppStore|ARM.Build.0 = Release|Any CPU
		{A359D1B2-DC4E-4B6E-856C-9D3564F690EA}.AppStore|ARM.Deploy.0 = Release|Any CPU
		{A359D1B2-DC4E-4B6E-856C-9D3564F690EA}.AppStore|iPhone.ActiveCfg = Release|Any CPU
		{A359D1B2-DC4E-4B6E-856C-9D3564F690EA}.AppStore|iPhone.Build.0 = Release|Any CPU
		{A359D1B2-DC4E-4B6E-856C-9D3564F690EA}.AppStore|iPhone.Deploy.0 = Release|Any CPU
		{A359D1B2-DC4E-4B6E-856C-9D3564F690EA}.AppStore|iPhoneSimulator.ActiveCfg = Release|Any CPU
		{A359D1B2-DC4E-4B6E-856C-9D3564F690EA}.AppStore|iPhoneSimulator.Build.0 = Release|Any CPU
		{A359D1B2-DC4E-4B6E-856C-9D3564F690EA}.AppStore|iPhoneSimulator.Deploy.0 = Release|Any CPU
		{A359D1B2-DC4E-4B6E-856C-9D3564F690EA}.AppStore|x64.ActiveCfg = Release|Any CPU
		{A359D1B2-DC4E-4B6E-856C-9D3564F690EA}.AppStore|x64.Build.0 = Release|Any CPU
		{A359D1B2-DC4E-4B6E-856C-9D3564F690EA}.AppStore|x64.Deploy.0 = Release|Any CPU
		{A359D1B2-DC4E-4B6E-856C-9D3564F690EA}.AppStore|x86.ActiveCfg = Release|Any CPU
		{A359D1B2-DC4E-4B6E-856C-9D3564F690EA}.AppStore|x86.Build.0 = Release|Any CPU
		{A359D1B2-DC4E-4B6E-856C-9D3564F690EA}.AppStore|x86.Deploy.0 = Release|Any CPU
		{A359D1B2-DC4E-4B6E-856C-9D3564F690EA}.Debug|Any CPU.ActiveCfg = Debug|Any CPU
		{A359D1B2-DC4E-4B6E-856C-9D3564F690EA}.Debug|Any CPU.Build.0 = Debug|Any CPU
		{A359D1B2-DC4E-4B6E-856C-9D3564F690EA}.Debug|Any CPU.Deploy.0 = Debug|Any CPU
		{A359D1B2-DC4E-4B6E-856C-9D3564F690EA}.Debug|ARM.ActiveCfg = Debug|Any CPU
		{A359D1B2-DC4E-4B6E-856C-9D3564F690EA}.Debug|ARM.Build.0 = Debug|Any CPU
		{A359D1B2-DC4E-4B6E-856C-9D3564F690EA}.Debug|ARM.Deploy.0 = Debug|Any CPU
		{A359D1B2-DC4E-4B6E-856C-9D3564F690EA}.Debug|iPhone.ActiveCfg = Debug|Any CPU
		{A359D1B2-DC4E-4B6E-856C-9D3564F690EA}.Debug|iPhone.Build.0 = Debug|Any CPU
		{A359D1B2-DC4E-4B6E-856C-9D3564F690EA}.Debug|iPhone.Deploy.0 = Debug|Any CPU
		{A359D1B2-DC4E-4B6E-856C-9D3564F690EA}.Debug|iPhoneSimulator.ActiveCfg = Debug|Any CPU
		{A359D1B2-DC4E-4B6E-856C-9D3564F690EA}.Debug|iPhoneSimulator.Build.0 = Debug|Any CPU
		{A359D1B2-DC4E-4B6E-856C-9D3564F690EA}.Debug|iPhoneSimulator.Deploy.0 = Debug|Any CPU
		{A359D1B2-DC4E-4B6E-856C-9D3564F690EA}.Debug|x64.ActiveCfg = Debug|Any CPU
		{A359D1B2-DC4E-4B6E-856C-9D3564F690EA}.Debug|x64.Build.0 = Debug|Any CPU
		{A359D1B2-DC4E-4B6E-856C-9D3564F690EA}.Debug|x64.Deploy.0 = Debug|Any CPU
		{A359D1B2-DC4E-4B6E-856C-9D3564F690EA}.Debug|x86.ActiveCfg = Debug|Any CPU
		{A359D1B2-DC4E-4B6E-856C-9D3564F690EA}.Debug|x86.Build.0 = Debug|Any CPU
		{A359D1B2-DC4E-4B6E-856C-9D3564F690EA}.Debug|x86.Deploy.0 = Debug|Any CPU
		{A359D1B2-DC4E-4B6E-856C-9D3564F690EA}.Release|Any CPU.ActiveCfg = Release|Any CPU
		{A359D1B2-DC4E-4B6E-856C-9D3564F690EA}.Release|Any CPU.Build.0 = Release|Any CPU
		{A359D1B2-DC4E-4B6E-856C-9D3564F690EA}.Release|Any CPU.Deploy.0 = Release|Any CPU
		{A359D1B2-DC4E-4B6E-856C-9D3564F690EA}.Release|ARM.ActiveCfg = Release|Any CPU
		{A359D1B2-DC4E-4B6E-856C-9D3564F690EA}.Release|ARM.Build.0 = Release|Any CPU
		{A359D1B2-DC4E-4B6E-856C-9D3564F690EA}.Release|ARM.Deploy.0 = Release|Any CPU
		{A359D1B2-DC4E-4B6E-856C-9D3564F690EA}.Release|iPhone.ActiveCfg = Release|Any CPU
		{A359D1B2-DC4E-4B6E-856C-9D3564F690EA}.Release|iPhone.Build.0 = Release|Any CPU
		{A359D1B2-DC4E-4B6E-856C-9D3564F690EA}.Release|iPhone.Deploy.0 = Release|Any CPU
		{A359D1B2-DC4E-4B6E-856C-9D3564F690EA}.Release|iPhoneSimulator.ActiveCfg = Release|Any CPU
		{A359D1B2-DC4E-4B6E-856C-9D3564F690EA}.Release|iPhoneSimulator.Build.0 = Release|Any CPU
		{A359D1B2-DC4E-4B6E-856C-9D3564F690EA}.Release|iPhoneSimulator.Deploy.0 = Release|Any CPU
		{A359D1B2-DC4E-4B6E-856C-9D3564F690EA}.Release|x64.ActiveCfg = Release|Any CPU
		{A359D1B2-DC4E-4B6E-856C-9D3564F690EA}.Release|x64.Build.0 = Release|Any CPU
		{A359D1B2-DC4E-4B6E-856C-9D3564F690EA}.Release|x64.Deploy.0 = Release|Any CPU
		{A359D1B2-DC4E-4B6E-856C-9D3564F690EA}.Release|x86.ActiveCfg = Release|Any CPU
		{A359D1B2-DC4E-4B6E-856C-9D3564F690EA}.Release|x86.Build.0 = Release|Any CPU
		{A359D1B2-DC4E-4B6E-856C-9D3564F690EA}.Release|x86.Deploy.0 = Release|Any CPU
		{20C6A72F-EAD7-4225-851A-26A98AE1D6EF}.Ad-Hoc|Any CPU.ActiveCfg = Ad-Hoc|iPhone
		{20C6A72F-EAD7-4225-851A-26A98AE1D6EF}.Ad-Hoc|Any CPU.Build.0 = Ad-Hoc|iPhone
		{20C6A72F-EAD7-4225-851A-26A98AE1D6EF}.Ad-Hoc|Any CPU.Deploy.0 = Ad-Hoc|iPhone
		{20C6A72F-EAD7-4225-851A-26A98AE1D6EF}.Ad-Hoc|ARM.ActiveCfg = Ad-Hoc|iPhone
		{20C6A72F-EAD7-4225-851A-26A98AE1D6EF}.Ad-Hoc|ARM.Build.0 = Ad-Hoc|iPhone
		{20C6A72F-EAD7-4225-851A-26A98AE1D6EF}.Ad-Hoc|ARM.Deploy.0 = Ad-Hoc|iPhone
		{20C6A72F-EAD7-4225-851A-26A98AE1D6EF}.Ad-Hoc|iPhone.ActiveCfg = Ad-Hoc|iPhone
		{20C6A72F-EAD7-4225-851A-26A98AE1D6EF}.Ad-Hoc|iPhone.Build.0 = Ad-Hoc|iPhone
		{20C6A72F-EAD7-4225-851A-26A98AE1D6EF}.Ad-Hoc|iPhone.Deploy.0 = Ad-Hoc|iPhone
		{20C6A72F-EAD7-4225-851A-26A98AE1D6EF}.Ad-Hoc|iPhoneSimulator.ActiveCfg = Ad-Hoc|iPhoneSimulator
		{20C6A72F-EAD7-4225-851A-26A98AE1D6EF}.Ad-Hoc|iPhoneSimulator.Build.0 = Ad-Hoc|iPhoneSimulator
		{20C6A72F-EAD7-4225-851A-26A98AE1D6EF}.Ad-Hoc|iPhoneSimulator.Deploy.0 = Ad-Hoc|iPhoneSimulator
		{20C6A72F-EAD7-4225-851A-26A98AE1D6EF}.Ad-Hoc|x64.ActiveCfg = Ad-Hoc|iPhone
		{20C6A72F-EAD7-4225-851A-26A98AE1D6EF}.Ad-Hoc|x64.Build.0 = Ad-Hoc|iPhone
		{20C6A72F-EAD7-4225-851A-26A98AE1D6EF}.Ad-Hoc|x64.Deploy.0 = Ad-Hoc|iPhone
		{20C6A72F-EAD7-4225-851A-26A98AE1D6EF}.Ad-Hoc|x86.ActiveCfg = Ad-Hoc|iPhone
		{20C6A72F-EAD7-4225-851A-26A98AE1D6EF}.Ad-Hoc|x86.Build.0 = Ad-Hoc|iPhone
		{20C6A72F-EAD7-4225-851A-26A98AE1D6EF}.Ad-Hoc|x86.Deploy.0 = Ad-Hoc|iPhone
		{20C6A72F-EAD7-4225-851A-26A98AE1D6EF}.AppStore|Any CPU.ActiveCfg = AppStore|iPhone
		{20C6A72F-EAD7-4225-851A-26A98AE1D6EF}.AppStore|Any CPU.Build.0 = AppStore|iPhone
		{20C6A72F-EAD7-4225-851A-26A98AE1D6EF}.AppStore|Any CPU.Deploy.0 = AppStore|iPhone
		{20C6A72F-EAD7-4225-851A-26A98AE1D6EF}.AppStore|ARM.ActiveCfg = AppStore|iPhone
		{20C6A72F-EAD7-4225-851A-26A98AE1D6EF}.AppStore|ARM.Build.0 = AppStore|iPhone
		{20C6A72F-EAD7-4225-851A-26A98AE1D6EF}.AppStore|ARM.Deploy.0 = AppStore|iPhone
		{20C6A72F-EAD7-4225-851A-26A98AE1D6EF}.AppStore|iPhone.ActiveCfg = AppStore|iPhone
		{20C6A72F-EAD7-4225-851A-26A98AE1D6EF}.AppStore|iPhone.Build.0 = AppStore|iPhone
		{20C6A72F-EAD7-4225-851A-26A98AE1D6EF}.AppStore|iPhone.Deploy.0 = AppStore|iPhone
		{20C6A72F-EAD7-4225-851A-26A98AE1D6EF}.AppStore|iPhoneSimulator.ActiveCfg = AppStore|iPhoneSimulator
		{20C6A72F-EAD7-4225-851A-26A98AE1D6EF}.AppStore|iPhoneSimulator.Build.0 = AppStore|iPhoneSimulator
		{20C6A72F-EAD7-4225-851A-26A98AE1D6EF}.AppStore|iPhoneSimulator.Deploy.0 = AppStore|iPhoneSimulator
		{20C6A72F-EAD7-4225-851A-26A98AE1D6EF}.AppStore|x64.ActiveCfg = AppStore|iPhone
		{20C6A72F-EAD7-4225-851A-26A98AE1D6EF}.AppStore|x64.Build.0 = AppStore|iPhone
		{20C6A72F-EAD7-4225-851A-26A98AE1D6EF}.AppStore|x64.Deploy.0 = AppStore|iPhone
		{20C6A72F-EAD7-4225-851A-26A98AE1D6EF}.AppStore|x86.ActiveCfg = AppStore|iPhone
		{20C6A72F-EAD7-4225-851A-26A98AE1D6EF}.AppStore|x86.Build.0 = AppStore|iPhone
		{20C6A72F-EAD7-4225-851A-26A98AE1D6EF}.AppStore|x86.Deploy.0 = AppStore|iPhone
		{20C6A72F-EAD7-4225-851A-26A98AE1D6EF}.Debug|Any CPU.ActiveCfg = Debug|iPhoneSimulator
		{20C6A72F-EAD7-4225-851A-26A98AE1D6EF}.Debug|Any CPU.Build.0 = Debug|iPhoneSimulator
		{20C6A72F-EAD7-4225-851A-26A98AE1D6EF}.Debug|Any CPU.Deploy.0 = Debug|iPhoneSimulator
		{20C6A72F-EAD7-4225-851A-26A98AE1D6EF}.Debug|ARM.ActiveCfg = Debug|iPhone
		{20C6A72F-EAD7-4225-851A-26A98AE1D6EF}.Debug|ARM.Build.0 = Debug|iPhone
		{20C6A72F-EAD7-4225-851A-26A98AE1D6EF}.Debug|ARM.Deploy.0 = Debug|iPhone
		{20C6A72F-EAD7-4225-851A-26A98AE1D6EF}.Debug|iPhone.ActiveCfg = Debug|iPhone
		{20C6A72F-EAD7-4225-851A-26A98AE1D6EF}.Debug|iPhone.Build.0 = Debug|iPhone
		{20C6A72F-EAD7-4225-851A-26A98AE1D6EF}.Debug|iPhone.Deploy.0 = Debug|iPhone
		{20C6A72F-EAD7-4225-851A-26A98AE1D6EF}.Debug|iPhoneSimulator.ActiveCfg = Debug|iPhoneSimulator
		{20C6A72F-EAD7-4225-851A-26A98AE1D6EF}.Debug|iPhoneSimulator.Build.0 = Debug|iPhoneSimulator
		{20C6A72F-EAD7-4225-851A-26A98AE1D6EF}.Debug|iPhoneSimulator.Deploy.0 = Debug|iPhoneSimulator
		{20C6A72F-EAD7-4225-851A-26A98AE1D6EF}.Debug|x64.ActiveCfg = Debug|iPhone
		{20C6A72F-EAD7-4225-851A-26A98AE1D6EF}.Debug|x64.Build.0 = Debug|iPhone
		{20C6A72F-EAD7-4225-851A-26A98AE1D6EF}.Debug|x64.Deploy.0 = Debug|iPhone
		{20C6A72F-EAD7-4225-851A-26A98AE1D6EF}.Debug|x86.ActiveCfg = Debug|iPhone
		{20C6A72F-EAD7-4225-851A-26A98AE1D6EF}.Debug|x86.Build.0 = Debug|iPhone
		{20C6A72F-EAD7-4225-851A-26A98AE1D6EF}.Debug|x86.Deploy.0 = Debug|iPhone
		{20C6A72F-EAD7-4225-851A-26A98AE1D6EF}.Release|Any CPU.ActiveCfg = Release|iPhone
		{20C6A72F-EAD7-4225-851A-26A98AE1D6EF}.Release|Any CPU.Build.0 = Release|iPhone
		{20C6A72F-EAD7-4225-851A-26A98AE1D6EF}.Release|Any CPU.Deploy.0 = Release|iPhone
		{20C6A72F-EAD7-4225-851A-26A98AE1D6EF}.Release|ARM.ActiveCfg = Release|iPhone
		{20C6A72F-EAD7-4225-851A-26A98AE1D6EF}.Release|ARM.Build.0 = Release|iPhone
		{20C6A72F-EAD7-4225-851A-26A98AE1D6EF}.Release|ARM.Deploy.0 = Release|iPhone
		{20C6A72F-EAD7-4225-851A-26A98AE1D6EF}.Release|iPhone.ActiveCfg = Release|iPhone
		{20C6A72F-EAD7-4225-851A-26A98AE1D6EF}.Release|iPhone.Build.0 = Release|iPhone
		{20C6A72F-EAD7-4225-851A-26A98AE1D6EF}.Release|iPhone.Deploy.0 = Release|iPhone
		{20C6A72F-EAD7-4225-851A-26A98AE1D6EF}.Release|iPhoneSimulator.ActiveCfg = Release|iPhoneSimulator
		{20C6A72F-EAD7-4225-851A-26A98AE1D6EF}.Release|iPhoneSimulator.Build.0 = Release|iPhoneSimulator
		{20C6A72F-EAD7-4225-851A-26A98AE1D6EF}.Release|iPhoneSimulator.Deploy.0 = Release|iPhoneSimulator
		{20C6A72F-EAD7-4225-851A-26A98AE1D6EF}.Release|x64.ActiveCfg = Release|iPhone
		{20C6A72F-EAD7-4225-851A-26A98AE1D6EF}.Release|x64.Build.0 = Release|iPhone
		{20C6A72F-EAD7-4225-851A-26A98AE1D6EF}.Release|x64.Deploy.0 = Release|iPhone
		{20C6A72F-EAD7-4225-851A-26A98AE1D6EF}.Release|x86.ActiveCfg = Release|iPhone
		{20C6A72F-EAD7-4225-851A-26A98AE1D6EF}.Release|x86.Build.0 = Release|iPhone
		{20C6A72F-EAD7-4225-851A-26A98AE1D6EF}.Release|x86.Deploy.0 = Release|iPhone
		{BDFD36E4-8548-4643-B134-BEDCCC84355E}.Ad-Hoc|Any CPU.ActiveCfg = Release|x86
		{BDFD36E4-8548-4643-B134-BEDCCC84355E}.Ad-Hoc|Any CPU.Build.0 = Release|x86
		{BDFD36E4-8548-4643-B134-BEDCCC84355E}.Ad-Hoc|Any CPU.Deploy.0 = Release|x86
		{BDFD36E4-8548-4643-B134-BEDCCC84355E}.Ad-Hoc|ARM.ActiveCfg = Release|ARM
		{BDFD36E4-8548-4643-B134-BEDCCC84355E}.Ad-Hoc|ARM.Build.0 = Release|ARM
		{BDFD36E4-8548-4643-B134-BEDCCC84355E}.Ad-Hoc|ARM.Deploy.0 = Release|ARM
		{BDFD36E4-8548-4643-B134-BEDCCC84355E}.Ad-Hoc|iPhone.ActiveCfg = Release|x86
		{BDFD36E4-8548-4643-B134-BEDCCC84355E}.Ad-Hoc|iPhone.Build.0 = Release|x86
		{BDFD36E4-8548-4643-B134-BEDCCC84355E}.Ad-Hoc|iPhone.Deploy.0 = Release|x86
		{BDFD36E4-8548-4643-B134-BEDCCC84355E}.Ad-Hoc|iPhoneSimulator.ActiveCfg = Release|x86
		{BDFD36E4-8548-4643-B134-BEDCCC84355E}.Ad-Hoc|iPhoneSimulator.Build.0 = Release|x86
		{BDFD36E4-8548-4643-B134-BEDCCC84355E}.Ad-Hoc|iPhoneSimulator.Deploy.0 = Release|x86
		{BDFD36E4-8548-4643-B134-BEDCCC84355E}.Ad-Hoc|x64.ActiveCfg = Release|x64
		{BDFD36E4-8548-4643-B134-BEDCCC84355E}.Ad-Hoc|x64.Build.0 = Release|x64
		{BDFD36E4-8548-4643-B134-BEDCCC84355E}.Ad-Hoc|x64.Deploy.0 = Release|x64
		{BDFD36E4-8548-4643-B134-BEDCCC84355E}.Ad-Hoc|x86.ActiveCfg = Release|x86
		{BDFD36E4-8548-4643-B134-BEDCCC84355E}.Ad-Hoc|x86.Build.0 = Release|x86
		{BDFD36E4-8548-4643-B134-BEDCCC84355E}.Ad-Hoc|x86.Deploy.0 = Release|x86
		{BDFD36E4-8548-4643-B134-BEDCCC84355E}.AppStore|Any CPU.ActiveCfg = Release|x86
		{BDFD36E4-8548-4643-B134-BEDCCC84355E}.AppStore|Any CPU.Build.0 = Release|x86
		{BDFD36E4-8548-4643-B134-BEDCCC84355E}.AppStore|Any CPU.Deploy.0 = Release|x86
		{BDFD36E4-8548-4643-B134-BEDCCC84355E}.AppStore|ARM.ActiveCfg = Release|ARM
		{BDFD36E4-8548-4643-B134-BEDCCC84355E}.AppStore|ARM.Build.0 = Release|ARM
		{BDFD36E4-8548-4643-B134-BEDCCC84355E}.AppStore|ARM.Deploy.0 = Release|ARM
		{BDFD36E4-8548-4643-B134-BEDCCC84355E}.AppStore|iPhone.ActiveCfg = Release|x86
		{BDFD36E4-8548-4643-B134-BEDCCC84355E}.AppStore|iPhone.Build.0 = Release|x86
		{BDFD36E4-8548-4643-B134-BEDCCC84355E}.AppStore|iPhone.Deploy.0 = Release|x86
		{BDFD36E4-8548-4643-B134-BEDCCC84355E}.AppStore|iPhoneSimulator.ActiveCfg = Release|x86
		{BDFD36E4-8548-4643-B134-BEDCCC84355E}.AppStore|iPhoneSimulator.Build.0 = Release|x86
		{BDFD36E4-8548-4643-B134-BEDCCC84355E}.AppStore|iPhoneSimulator.Deploy.0 = Release|x86
		{BDFD36E4-8548-4643-B134-BEDCCC84355E}.AppStore|x64.ActiveCfg = Release|x64
		{BDFD36E4-8548-4643-B134-BEDCCC84355E}.AppStore|x64.Build.0 = Release|x64
		{BDFD36E4-8548-4643-B134-BEDCCC84355E}.AppStore|x64.Deploy.0 = Release|x64
		{BDFD36E4-8548-4643-B134-BEDCCC84355E}.AppStore|x86.ActiveCfg = Release|x86
		{BDFD36E4-8548-4643-B134-BEDCCC84355E}.AppStore|x86.Build.0 = Release|x86
		{BDFD36E4-8548-4643-B134-BEDCCC84355E}.AppStore|x86.Deploy.0 = Release|x86
		{BDFD36E4-8548-4643-B134-BEDCCC84355E}.Debug|Any CPU.ActiveCfg = Debug|x86
		{BDFD36E4-8548-4643-B134-BEDCCC84355E}.Debug|Any CPU.Build.0 = Debug|x86
		{BDFD36E4-8548-4643-B134-BEDCCC84355E}.Debug|Any CPU.Deploy.0 = Debug|x86
		{BDFD36E4-8548-4643-B134-BEDCCC84355E}.Debug|ARM.ActiveCfg = Debug|ARM
		{BDFD36E4-8548-4643-B134-BEDCCC84355E}.Debug|ARM.Build.0 = Debug|ARM
		{BDFD36E4-8548-4643-B134-BEDCCC84355E}.Debug|ARM.Deploy.0 = Debug|ARM
		{BDFD36E4-8548-4643-B134-BEDCCC84355E}.Debug|iPhone.ActiveCfg = Debug|x86
		{BDFD36E4-8548-4643-B134-BEDCCC84355E}.Debug|iPhone.Build.0 = Debug|x86
		{BDFD36E4-8548-4643-B134-BEDCCC84355E}.Debug|iPhone.Deploy.0 = Debug|x86
		{BDFD36E4-8548-4643-B134-BEDCCC84355E}.Debug|iPhoneSimulator.ActiveCfg = Debug|x86
		{BDFD36E4-8548-4643-B134-BEDCCC84355E}.Debug|iPhoneSimulator.Build.0 = Debug|x86
		{BDFD36E4-8548-4643-B134-BEDCCC84355E}.Debug|iPhoneSimulator.Deploy.0 = Debug|x86
		{BDFD36E4-8548-4643-B134-BEDCCC84355E}.Debug|x64.ActiveCfg = Debug|x64
		{BDFD36E4-8548-4643-B134-BEDCCC84355E}.Debug|x64.Build.0 = Debug|x64
		{BDFD36E4-8548-4643-B134-BEDCCC84355E}.Debug|x64.Deploy.0 = Debug|x64
		{BDFD36E4-8548-4643-B134-BEDCCC84355E}.Debug|x86.ActiveCfg = Debug|x86
		{BDFD36E4-8548-4643-B134-BEDCCC84355E}.Debug|x86.Build.0 = Debug|x86
		{BDFD36E4-8548-4643-B134-BEDCCC84355E}.Debug|x86.Deploy.0 = Debug|x86
		{BDFD36E4-8548-4643-B134-BEDCCC84355E}.Release|Any CPU.ActiveCfg = Release|x86
		{BDFD36E4-8548-4643-B134-BEDCCC84355E}.Release|Any CPU.Build.0 = Release|x86
		{BDFD36E4-8548-4643-B134-BEDCCC84355E}.Release|Any CPU.Deploy.0 = Release|x86
		{BDFD36E4-8548-4643-B134-BEDCCC84355E}.Release|ARM.ActiveCfg = Release|ARM
		{BDFD36E4-8548-4643-B134-BEDCCC84355E}.Release|ARM.Build.0 = Release|ARM
		{BDFD36E4-8548-4643-B134-BEDCCC84355E}.Release|ARM.Deploy.0 = Release|ARM
		{BDFD36E4-8548-4643-B134-BEDCCC84355E}.Release|iPhone.ActiveCfg = Release|x86
		{BDFD36E4-8548-4643-B134-BEDCCC84355E}.Release|iPhone.Build.0 = Release|x86
		{BDFD36E4-8548-4643-B134-BEDCCC84355E}.Release|iPhone.Deploy.0 = Release|x86
		{BDFD36E4-8548-4643-B134-BEDCCC84355E}.Release|iPhoneSimulator.ActiveCfg = Release|x86
		{BDFD36E4-8548-4643-B134-BEDCCC84355E}.Release|iPhoneSimulator.Build.0 = Release|x86
		{BDFD36E4-8548-4643-B134-BEDCCC84355E}.Release|iPhoneSimulator.Deploy.0 = Release|x86
		{BDFD36E4-8548-4643-B134-BEDCCC84355E}.Release|x64.ActiveCfg = Release|x64
		{BDFD36E4-8548-4643-B134-BEDCCC84355E}.Release|x64.Build.0 = Release|x64
		{BDFD36E4-8548-4643-B134-BEDCCC84355E}.Release|x64.Deploy.0 = Release|x64
		{BDFD36E4-8548-4643-B134-BEDCCC84355E}.Release|x86.ActiveCfg = Release|x86
		{BDFD36E4-8548-4643-B134-BEDCCC84355E}.Release|x86.Build.0 = Release|x86
		{BDFD36E4-8548-4643-B134-BEDCCC84355E}.Release|x86.Deploy.0 = Release|x86
		{A8325A39-E23D-44A1-AD87-E9EBD2A2F4A2}.Ad-Hoc|Any CPU.ActiveCfg = Debug|Any CPU
		{A8325A39-E23D-44A1-AD87-E9EBD2A2F4A2}.Ad-Hoc|Any CPU.Build.0 = Debug|Any CPU
		{A8325A39-E23D-44A1-AD87-E9EBD2A2F4A2}.Ad-Hoc|Any CPU.Deploy.0 = Debug|Any CPU
		{A8325A39-E23D-44A1-AD87-E9EBD2A2F4A2}.Ad-Hoc|ARM.ActiveCfg = Debug|Any CPU
		{A8325A39-E23D-44A1-AD87-E9EBD2A2F4A2}.Ad-Hoc|ARM.Build.0 = Debug|Any CPU
		{A8325A39-E23D-44A1-AD87-E9EBD2A2F4A2}.Ad-Hoc|ARM.Deploy.0 = Debug|Any CPU
		{A8325A39-E23D-44A1-AD87-E9EBD2A2F4A2}.Ad-Hoc|iPhone.ActiveCfg = Debug|Any CPU
		{A8325A39-E23D-44A1-AD87-E9EBD2A2F4A2}.Ad-Hoc|iPhone.Build.0 = Debug|Any CPU
		{A8325A39-E23D-44A1-AD87-E9EBD2A2F4A2}.Ad-Hoc|iPhone.Deploy.0 = Debug|Any CPU
		{A8325A39-E23D-44A1-AD87-E9EBD2A2F4A2}.Ad-Hoc|iPhoneSimulator.ActiveCfg = Debug|Any CPU
		{A8325A39-E23D-44A1-AD87-E9EBD2A2F4A2}.Ad-Hoc|iPhoneSimulator.Build.0 = Debug|Any CPU
		{A8325A39-E23D-44A1-AD87-E9EBD2A2F4A2}.Ad-Hoc|iPhoneSimulator.Deploy.0 = Debug|Any CPU
		{A8325A39-E23D-44A1-AD87-E9EBD2A2F4A2}.Ad-Hoc|x64.ActiveCfg = Debug|Any CPU
		{A8325A39-E23D-44A1-AD87-E9EBD2A2F4A2}.Ad-Hoc|x64.Build.0 = Debug|Any CPU
		{A8325A39-E23D-44A1-AD87-E9EBD2A2F4A2}.Ad-Hoc|x64.Deploy.0 = Debug|Any CPU
		{A8325A39-E23D-44A1-AD87-E9EBD2A2F4A2}.Ad-Hoc|x86.ActiveCfg = Debug|Any CPU
		{A8325A39-E23D-44A1-AD87-E9EBD2A2F4A2}.Ad-Hoc|x86.Build.0 = Debug|Any CPU
		{A8325A39-E23D-44A1-AD87-E9EBD2A2F4A2}.Ad-Hoc|x86.Deploy.0 = Debug|Any CPU
		{A8325A39-E23D-44A1-AD87-E9EBD2A2F4A2}.AppStore|Any CPU.ActiveCfg = Debug|Any CPU
		{A8325A39-E23D-44A1-AD87-E9EBD2A2F4A2}.AppStore|Any CPU.Build.0 = Debug|Any CPU
		{A8325A39-E23D-44A1-AD87-E9EBD2A2F4A2}.AppStore|Any CPU.Deploy.0 = Debug|Any CPU
		{A8325A39-E23D-44A1-AD87-E9EBD2A2F4A2}.AppStore|ARM.ActiveCfg = Debug|Any CPU
		{A8325A39-E23D-44A1-AD87-E9EBD2A2F4A2}.AppStore|ARM.Build.0 = Debug|Any CPU
		{A8325A39-E23D-44A1-AD87-E9EBD2A2F4A2}.AppStore|ARM.Deploy.0 = Debug|Any CPU
		{A8325A39-E23D-44A1-AD87-E9EBD2A2F4A2}.AppStore|iPhone.ActiveCfg = Debug|Any CPU
		{A8325A39-E23D-44A1-AD87-E9EBD2A2F4A2}.AppStore|iPhone.Build.0 = Debug|Any CPU
		{A8325A39-E23D-44A1-AD87-E9EBD2A2F4A2}.AppStore|iPhone.Deploy.0 = Debug|Any CPU
		{A8325A39-E23D-44A1-AD87-E9EBD2A2F4A2}.AppStore|iPhoneSimulator.ActiveCfg = Debug|Any CPU
		{A8325A39-E23D-44A1-AD87-E9EBD2A2F4A2}.AppStore|iPhoneSimulator.Build.0 = Debug|Any CPU
		{A8325A39-E23D-44A1-AD87-E9EBD2A2F4A2}.AppStore|iPhoneSimulator.Deploy.0 = Debug|Any CPU
		{A8325A39-E23D-44A1-AD87-E9EBD2A2F4A2}.AppStore|x64.ActiveCfg = Debug|Any CPU
		{A8325A39-E23D-44A1-AD87-E9EBD2A2F4A2}.AppStore|x64.Build.0 = Debug|Any CPU
		{A8325A39-E23D-44A1-AD87-E9EBD2A2F4A2}.AppStore|x64.Deploy.0 = Debug|Any CPU
		{A8325A39-E23D-44A1-AD87-E9EBD2A2F4A2}.AppStore|x86.ActiveCfg = Debug|Any CPU
		{A8325A39-E23D-44A1-AD87-E9EBD2A2F4A2}.AppStore|x86.Build.0 = Debug|Any CPU
		{A8325A39-E23D-44A1-AD87-E9EBD2A2F4A2}.AppStore|x86.Deploy.0 = Debug|Any CPU
		{A8325A39-E23D-44A1-AD87-E9EBD2A2F4A2}.Debug|Any CPU.ActiveCfg = Debug|Any CPU
		{A8325A39-E23D-44A1-AD87-E9EBD2A2F4A2}.Debug|Any CPU.Build.0 = Debug|Any CPU
		{A8325A39-E23D-44A1-AD87-E9EBD2A2F4A2}.Debug|Any CPU.Deploy.0 = Debug|Any CPU
		{A8325A39-E23D-44A1-AD87-E9EBD2A2F4A2}.Debug|ARM.ActiveCfg = Debug|Any CPU
		{A8325A39-E23D-44A1-AD87-E9EBD2A2F4A2}.Debug|ARM.Build.0 = Debug|Any CPU
		{A8325A39-E23D-44A1-AD87-E9EBD2A2F4A2}.Debug|ARM.Deploy.0 = Debug|Any CPU
		{A8325A39-E23D-44A1-AD87-E9EBD2A2F4A2}.Debug|iPhone.ActiveCfg = Debug|Any CPU
		{A8325A39-E23D-44A1-AD87-E9EBD2A2F4A2}.Debug|iPhone.Build.0 = Debug|Any CPU
		{A8325A39-E23D-44A1-AD87-E9EBD2A2F4A2}.Debug|iPhone.Deploy.0 = Debug|Any CPU
		{A8325A39-E23D-44A1-AD87-E9EBD2A2F4A2}.Debug|iPhoneSimulator.ActiveCfg = Debug|Any CPU
		{A8325A39-E23D-44A1-AD87-E9EBD2A2F4A2}.Debug|iPhoneSimulator.Build.0 = Debug|Any CPU
		{A8325A39-E23D-44A1-AD87-E9EBD2A2F4A2}.Debug|iPhoneSimulator.Deploy.0 = Debug|Any CPU
		{A8325A39-E23D-44A1-AD87-E9EBD2A2F4A2}.Debug|x64.ActiveCfg = Debug|Any CPU
		{A8325A39-E23D-44A1-AD87-E9EBD2A2F4A2}.Debug|x64.Build.0 = Debug|Any CPU
		{A8325A39-E23D-44A1-AD87-E9EBD2A2F4A2}.Debug|x64.Deploy.0 = Debug|Any CPU
		{A8325A39-E23D-44A1-AD87-E9EBD2A2F4A2}.Debug|x86.ActiveCfg = Debug|Any CPU
		{A8325A39-E23D-44A1-AD87-E9EBD2A2F4A2}.Debug|x86.Build.0 = Debug|Any CPU
		{A8325A39-E23D-44A1-AD87-E9EBD2A2F4A2}.Debug|x86.Deploy.0 = Debug|Any CPU
		{A8325A39-E23D-44A1-AD87-E9EBD2A2F4A2}.Release|Any CPU.ActiveCfg = Release|Any CPU
		{A8325A39-E23D-44A1-AD87-E9EBD2A2F4A2}.Release|Any CPU.Build.0 = Release|Any CPU
		{A8325A39-E23D-44A1-AD87-E9EBD2A2F4A2}.Release|Any CPU.Deploy.0 = Release|Any CPU
		{A8325A39-E23D-44A1-AD87-E9EBD2A2F4A2}.Release|ARM.ActiveCfg = Release|Any CPU
		{A8325A39-E23D-44A1-AD87-E9EBD2A2F4A2}.Release|ARM.Build.0 = Release|Any CPU
		{A8325A39-E23D-44A1-AD87-E9EBD2A2F4A2}.Release|ARM.Deploy.0 = Release|Any CPU
		{A8325A39-E23D-44A1-AD87-E9EBD2A2F4A2}.Release|iPhone.ActiveCfg = Release|Any CPU
		{A8325A39-E23D-44A1-AD87-E9EBD2A2F4A2}.Release|iPhone.Build.0 = Release|Any CPU
		{A8325A39-E23D-44A1-AD87-E9EBD2A2F4A2}.Release|iPhone.Deploy.0 = Release|Any CPU
		{A8325A39-E23D-44A1-AD87-E9EBD2A2F4A2}.Release|iPhoneSimulator.ActiveCfg = Release|Any CPU
		{A8325A39-E23D-44A1-AD87-E9EBD2A2F4A2}.Release|iPhoneSimulator.Build.0 = Release|Any CPU
		{A8325A39-E23D-44A1-AD87-E9EBD2A2F4A2}.Release|iPhoneSimulator.Deploy.0 = Release|Any CPU
		{A8325A39-E23D-44A1-AD87-E9EBD2A2F4A2}.Release|x64.ActiveCfg = Release|Any CPU
		{A8325A39-E23D-44A1-AD87-E9EBD2A2F4A2}.Release|x64.Build.0 = Release|Any CPU
		{A8325A39-E23D-44A1-AD87-E9EBD2A2F4A2}.Release|x64.Deploy.0 = Release|Any CPU
		{A8325A39-E23D-44A1-AD87-E9EBD2A2F4A2}.Release|x86.ActiveCfg = Release|Any CPU
		{A8325A39-E23D-44A1-AD87-E9EBD2A2F4A2}.Release|x86.Build.0 = Release|Any CPU
		{A8325A39-E23D-44A1-AD87-E9EBD2A2F4A2}.Release|x86.Deploy.0 = Release|Any CPU
	EndGlobalSection
	GlobalSection(SolutionProperties) = preSolution
		HideSolutionNode = FALSE
	EndGlobalSection
	GlobalSection(ExtensibilityGlobals) = postSolution
		SolutionGuid = {B172A1E5-0196-4868-9141-CB054E3B0DB7}
	EndGlobalSection
EndGlobal
